
Microsoft Visual Studio Solution File, Format Version 12.00
# Visual Studio Version 17
VisualStudioVersion = 17.11.35327.3
MinimumVisualStudioVersion = 10.0.40219.1
Project("{FAE04EC0-301F-11D3-BF4B-00C04F79EFBC}") = "Dorobantu_Andreea_lab1", "Dorobantu_Andreea_lab1.csproj", "{220D9B52-0EB6-4EB1-AC6E-C4F8BC38A7CC}"
EndProject
Global
	GlobalSection(SolutionConfigurationPlatforms) = preSolution
		Debug|Any CPU = Debug|Any CPU
		Release|Any CPU = Release|Any CPU
	EndGlobalSection
	GlobalSection(ProjectConfigurationPlatforms) = postSolution
		{220D9B52-0EB6-4EB1-AC6E-C4F8BC38A7CC}.Debug|Any CPU.ActiveCfg = Debug|Any CPU
		{220D9B52-0EB6-4EB1-AC6E-C4F8BC38A7CC}.Debug|Any CPU.Build.0 = Debug|Any CPU
		{220D9B52-0EB6-4EB1-AC6E-C4F8BC38A7CC}.Release|Any CPU.ActiveCfg = Release|Any CPU
		{220D9B52-0EB6-4EB1-AC6E-C4F8BC38A7CC}.Release|Any CPU.Build.0 = Release|Any CPU
	EndGlobalSection
	GlobalSection(SolutionProperties) = preSolution
		HideSolutionNode = FALSE
	EndGlobalSection
	GlobalSection(ExtensibilityGlobals) = postSolution
		SolutionGuid = {05095318-2AF9-478E-A41D-C71D4B748F6C}
	EndGlobalSection
EndGlobal
